
Microsoft Visual Studio Solution File, Format Version 12.00
# Visual Studio 2012
Project("{8BC9CEB8-8B4A-11D0-8D11-00A0C91BC942}") = "robotrun", "robotrun_2012.vcxproj", "{DE99A6CF-53ED-4987-8C98-A38AF1171148}"
EndProject
Global
	GlobalSection(SolutionConfigurationPlatforms) = preSolution
		Debug|Win32 = Debug|Win32
		Release|Win32 = Release|Win32
	EndGlobalSection
	GlobalSection(ProjectConfigurationPlatforms) = postSolution
		{DE99A6CF-53ED-4987-8C98-A38AF1171148}.Debug|Win32.ActiveCfg = Debug|Win32
		{DE99A6CF-53ED-4987-8C98-A38AF1171148}.Debug|Win32.Build.0 = Debug|Win32
		{DE99A6CF-53ED-4987-8C98-A38AF1171148}.Release|Win32.ActiveCfg = Release|Win32
		{DE99A6CF-53ED-4987-8C98-A38AF1171148}.Release|Win32.Build.0 = Release|Win32
	EndGlobalSection
	GlobalSection(SolutionProperties) = preSolution
		HideSolutionNode = FALSE
	EndGlobalSection
EndGlobal
